// !$*UTF8*$!
{
	archiveVersion = 1;
	classes = {
	};
	objectVersion = 46;
	objects = {

/* Begin PBXBuildFile section */
		BC2432FD1B422524009CB13F /* main.m in Sources */ = {isa = PBXBuildFile; fileRef = BC2432FC1B422524009CB13F /* main.m */; };
		BC2433001B422524009CB13F /* AppDelegate.m in Sources */ = {isa = PBXBuildFile; fileRef = BC2432FF1B422524009CB13F /* AppDelegate.m */; };
		BC2433061B422524009CB13F /* Main.storyboard in Resources */ = {isa = PBXBuildFile; fileRef = BC2433041B422524009CB13F /* Main.storyboard */; };
		BC2433081B422524009CB13F /* Images.xcassets in Resources */ = {isa = PBXBuildFile; fileRef = BC2433071B422524009CB13F /* Images.xcassets */; };
		BC24330B1B422524009CB13F /* LaunchScreen.xib in Resources */ = {isa = PBXBuildFile; fileRef = BC2433091B422524009CB13F /* LaunchScreen.xib */; };
		BC2433171B422524009CB13F /* ____Tests.m in Sources */ = {isa = PBXBuildFile; fileRef = BC2433161B422524009CB13F /* ____Tests.m */; };
		BC2433261B422D7B009CB13F /* GPSubject.m in Sources */ = {isa = PBXBuildFile; fileRef = BC2433251B422D7B009CB13F /* GPSubject.m */; };
		BC2433291B423148009CB13F /* GPAds.m in Sources */ = {isa = PBXBuildFile; fileRef = BC2433281B423148009CB13F /* GPAds.m */; };
		BC24332C1B4232BB009CB13F /* GPCircleController.m in Sources */ = {isa = PBXBuildFile; fileRef = BC24332B1B4232BB009CB13F /* GPCircleController.m */; };
		BC24332E1B423907009CB13F /* quanquan.plist in Resources */ = {isa = PBXBuildFile; fileRef = BC24332D1B423907009CB13F /* quanquan.plist */; };
		BC2433311B423EDB009CB13F /* GPSubjectCell.m in Sources */ = {isa = PBXBuildFile; fileRef = BC2433301B423EDB009CB13F /* GPSubjectCell.m */; };
		BC2433331B423EF3009CB13F /* GPSubjectCell.xib in Resources */ = {isa = PBXBuildFile; fileRef = BC2433321B423EF3009CB13F /* GPSubjectCell.xib */; };
		BC2433361B426E8B009CB13F /* GPContentView.m in Sources */ = {isa = PBXBuildFile; fileRef = BC2433351B426E8B009CB13F /* GPContentView.m */; };
		BC2433381B426ECB009CB13F /* GPContentView.xib in Resources */ = {isa = PBXBuildFile; fileRef = BC2433371B426ECB009CB13F /* GPContentView.xib */; };
		BC67A4801B437B190009D9A9 /* GPFooterRefresh.m in Sources */ = {isa = PBXBuildFile; fileRef = BC67A47F1B437B190009D9A9 /* GPFooterRefresh.m */; };
		BC67A4831B43CF010009D9A9 /* GPTopRefreshView.m in Sources */ = {isa = PBXBuildFile; fileRef = BC67A4821B43CF010009D9A9 /* GPTopRefreshView.m */; };
/* End PBXBuildFile section */

/* Begin PBXContainerItemProxy section */
		BC2433111B422524009CB13F /* PBXContainerItemProxy */ = {
			isa = PBXContainerItemProxy;
			containerPortal = BC2432EF1B422523009CB13F /* Project object */;
			proxyType = 1;
			remoteGlobalIDString = BC2432F61B422523009CB13F;
			remoteInfo = "美食圈圈";
		};
/* End PBXContainerItemProxy section */

/* Begin PBXFileReference section */
		BC2432F71B422523009CB13F /* 美食圈圈.app */ = {isa = PBXFileReference; explicitFileType = wrapper.application; includeInIndex = 0; path = "美食圈圈.app"; sourceTree = BUILT_PRODUCTS_DIR; };
		BC2432FB1B422524009CB13F /* Info.plist */ = {isa = PBXFileReference; lastKnownFileType = text.plist.xml; path = Info.plist; sourceTree = "<group>"; };
		BC2432FC1B422524009CB13F /* main.m */ = {isa = PBXFileReference; lastKnownFileType = sourcecode.c.objc; path = main.m; sourceTree = "<group>"; };
		BC2432FE1B422524009CB13F /* AppDelegate.h */ = {isa = PBXFileReference; lastKnownFileType = sourcecode.c.h; path = AppDelegate.h; sourceTree = "<group>"; };
		BC2432FF1B422524009CB13F /* AppDelegate.m */ = {isa = PBXFileReference; lastKnownFileType = sourcecode.c.objc; path = AppDelegate.m; sourceTree = "<group>"; };
		BC2433051B422524009CB13F /* Base */ = {isa = PBXFileReference; lastKnownFileType = file.storyboard; name = Base; path = Base.lproj/Main.storyboard; sourceTree = "<group>"; };
		BC2433071B422524009CB13F /* Images.xcassets */ = {isa = PBXFileReference; lastKnownFileType = folder.assetcatalog; path = Images.xcassets; sourceTree = "<group>"; };
		BC24330A1B422524009CB13F /* Base */ = {isa = PBXFileReference; lastKnownFileType = file.xib; name = Base; path = Base.lproj/LaunchScreen.xib; sourceTree = "<group>"; };
		BC2433101B422524009CB13F /* 美食圈圈Tests.xctest */ = {isa = PBXFileReference; explicitFileType = wrapper.cfbundle; includeInIndex = 0; path = "美食圈圈Tests.xctest"; sourceTree = BUILT_PRODUCTS_DIR; };
		BC2433151B422524009CB13F /* Info.plist */ = {isa = PBXFileReference; lastKnownFileType = text.plist.xml; path = Info.plist; sourceTree = "<group>"; };
		BC2433161B422524009CB13F /* ____Tests.m */ = {isa = PBXFileReference; lastKnownFileType = sourcecode.c.objc; path = "____Tests.m"; sourceTree = "<group>"; };
		BC2433241B422D7B009CB13F /* GPSubject.h */ = {isa = PBXFileReference; fileEncoding = 4; lastKnownFileType = sourcecode.c.h; path = GPSubject.h; sourceTree = "<group>"; };
		BC2433251B422D7B009CB13F /* GPSubject.m */ = {isa = PBXFileReference; fileEncoding = 4; lastKnownFileType = sourcecode.c.objc; path = GPSubject.m; sourceTree = "<group>"; };
		BC2433271B423148009CB13F /* GPAds.h */ = {isa = PBXFileReference; fileEncoding = 4; lastKnownFileType = sourcecode.c.h; path = GPAds.h; sourceTree = "<group>"; };
		BC2433281B423148009CB13F /* GPAds.m */ = {isa = PBXFileReference; fileEncoding = 4; lastKnownFileType = sourcecode.c.objc; path = GPAds.m; sourceTree = "<group>"; };
		BC24332A1B4232BB009CB13F /* GPCircleController.h */ = {isa = PBXFileReference; fileEncoding = 4; lastKnownFileType = sourcecode.c.h; path = GPCircleController.h; sourceTree = "<group>"; };
		BC24332B1B4232BB009CB13F /* GPCircleController.m */ = {isa = PBXFileReference; fileEncoding = 4; lastKnownFileType = sourcecode.c.objc; path = GPCircleController.m; sourceTree = "<group>"; };
		BC24332D1B423907009CB13F /* quanquan.plist */ = {isa = PBXFileReference; fileEncoding = 4; lastKnownFileType = text.plist.xml; path = quanquan.plist; sourceTree = "<group>"; };
		BC24332F1B423EDB009CB13F /* GPSubjectCell.h */ = {isa = PBXFileReference; fileEncoding = 4; lastKnownFileType = sourcecode.c.h; path = GPSubjectCell.h; sourceTree = "<group>"; };
		BC2433301B423EDB009CB13F /* GPSubjectCell.m */ = {isa = PBXFileReference; fileEncoding = 4; lastKnownFileType = sourcecode.c.objc; path = GPSubjectCell.m; sourceTree = "<group>"; };
		BC2433321B423EF3009CB13F /* GPSubjectCell.xib */ = {isa = PBXFileReference; fileEncoding = 4; lastKnownFileType = file.xib; path = GPSubjectCell.xib; sourceTree = "<group>"; };
		BC2433341B426E8B009CB13F /* GPContentView.h */ = {isa = PBXFileReference; fileEncoding = 4; lastKnownFileType = sourcecode.c.h; path = GPContentView.h; sourceTree = "<group>"; };
		BC2433351B426E8B009CB13F /* GPContentView.m */ = {isa = PBXFileReference; fileEncoding = 4; lastKnownFileType = sourcecode.c.objc; path = GPContentView.m; sourceTree = "<group>"; };
		BC2433371B426ECB009CB13F /* GPContentView.xib */ = {isa = PBXFileReference; fileEncoding = 4; lastKnownFileType = file.xib; path = GPContentView.xib; sourceTree = "<group>"; };
		BC67A47E1B437B190009D9A9 /* GPFooterRefresh.h */ = {isa = PBXFileReference; fileEncoding = 4; lastKnownFileType = sourcecode.c.h; path = GPFooterRefresh.h; sourceTree = "<group>"; };
		BC67A47F1B437B190009D9A9 /* GPFooterRefresh.m */ = {isa = PBXFileReference; fileEncoding = 4; lastKnownFileType = sourcecode.c.objc; path = GPFooterRefresh.m; sourceTree = "<group>"; };
		BC67A4811B43CF010009D9A9 /* GPTopRefreshView.h */ = {isa = PBXFileReference; fileEncoding = 4; lastKnownFileType = sourcecode.c.h; path = GPTopRefreshView.h; sourceTree = "<group>"; };
		BC67A4821B43CF010009D9A9 /* GPTopRefreshView.m */ = {isa = PBXFileReference; fileEncoding = 4; lastKnownFileType = sourcecode.c.objc; path = GPTopRefreshView.m; sourceTree = "<group>"; };
/* End PBXFileReference section */

/* Begin PBXFrameworksBuildPhase section */
		BC2432F41B422523009CB13F /* Frameworks */ = {
			isa = PBXFrameworksBuildPhase;
			buildActionMask = 2147483647;
			files = (
			);
			runOnlyForDeploymentPostprocessing = 0;
		};
		BC24330D1B422524009CB13F /* Frameworks */ = {
			isa = PBXFrameworksBuildPhase;
			buildActionMask = 2147483647;
			files = (
			);
			runOnlyForDeploymentPostprocessing = 0;
		};
/* End PBXFrameworksBuildPhase section */

/* Begin PBXGroup section */
		BC2432EE1B422523009CB13F = {
			isa = PBXGroup;
			children = (
				BC2432F91B422523009CB13F /* 美食圈圈 */,
				BC2433131B422524009CB13F /* 美食圈圈Tests */,
				BC2432F81B422523009CB13F /* Products */,
			);
			sourceTree = "<group>";
		};
		BC2432F81B422523009CB13F /* Products */ = {
			isa = PBXGroup;
			children = (
				BC2432F71B422523009CB13F /* 美食圈圈.app */,
				BC2433101B422524009CB13F /* 美食圈圈Tests.xctest */,
			);
			name = Products;
			sourceTree = "<group>";
		};
		BC2432F91B422523009CB13F /* 美食圈圈 */ = {
			isa = PBXGroup;
			children = (
				BC2433231B422D18009CB13F /* Others */,
				BC2433221B422CF4009CB13F /* Controllers */,
				BC2433211B422CED009CB13F /* Views */,
				BC2433201B422CE1009CB13F /* Models */,
				BC2432FA1B422524009CB13F /* Supporting Files */,
			);
			path = "美食圈圈";
			sourceTree = "<group>";
		};
		BC2432FA1B422524009CB13F /* Supporting Files */ = {
			isa = PBXGroup;
			children = (
				BC2432FB1B422524009CB13F /* Info.plist */,
				BC2432FC1B422524009CB13F /* main.m */,
			);
			name = "Supporting Files";
			sourceTree = "<group>";
		};
		BC2433131B422524009CB13F /* 美食圈圈Tests */ = {
			isa = PBXGroup;
			children = (
				BC2433161B422524009CB13F /* ____Tests.m */,
				BC2433141B422524009CB13F /* Supporting Files */,
			);
			path = "美食圈圈Tests";
			sourceTree = "<group>";
		};
		BC2433141B422524009CB13F /* Supporting Files */ = {
			isa = PBXGroup;
			children = (
				BC2433151B422524009CB13F /* Info.plist */,
			);
			name = "Supporting Files";
			sourceTree = "<group>";
		};
		BC2433201B422CE1009CB13F /* Models */ = {
			isa = PBXGroup;
			children = (
				BC2433241B422D7B009CB13F /* GPSubject.h */,
				BC2433251B422D7B009CB13F /* GPSubject.m */,
				BC2433271B423148009CB13F /* GPAds.h */,
				BC2433281B423148009CB13F /* GPAds.m */,
			);
			name = Models;
			sourceTree = "<group>";
		};
		BC2433211B422CED009CB13F /* Views */ = {
			isa = PBXGroup;
			children = (
				BC67A4811B43CF010009D9A9 /* GPTopRefreshView.h */,
				BC67A4821B43CF010009D9A9 /* GPTopRefreshView.m */,
				BC67A47E1B437B190009D9A9 /* GPFooterRefresh.h */,
				BC67A47F1B437B190009D9A9 /* GPFooterRefresh.m */,
				BC24332F1B423EDB009CB13F /* GPSubjectCell.h */,
				BC2433301B423EDB009CB13F /* GPSubjectCell.m */,
				BC2433321B423EF3009CB13F /* GPSubjectCell.xib */,
				BC2433341B426E8B009CB13F /* GPContentView.h */,
				BC2433351B426E8B009CB13F /* GPContentView.m */,
				BC2433371B426ECB009CB13F /* GPContentView.xib */,
			);
			name = Views;
			sourceTree = "<group>";
		};
		BC2433221B422CF4009CB13F /* Controllers */ = {
			isa = PBXGroup;
			children = (
				BC24332A1B4232BB009CB13F /* GPCircleController.h */,
				BC24332B1B4232BB009CB13F /* GPCircleController.m */,
			);
			name = Controllers;
			sourceTree = "<group>";
		};
		BC2433231B422D18009CB13F /* Others */ = {
			isa = PBXGroup;
			children = (
				BC24332D1B423907009CB13F /* quanquan.plist */,
				BC2432FE1B422524009CB13F /* AppDelegate.h */,
				BC2432FF1B422524009CB13F /* AppDelegate.m */,
				BC2433041B422524009CB13F /* Main.storyboard */,
				BC2433071B422524009CB13F /* Images.xcassets */,
				BC2433091B422524009CB13F /* LaunchScreen.xib */,
			);
			name = Others;
			sourceTree = "<group>";
		};
/* End PBXGroup section */

/* Begin PBXNativeTarget section */
		BC2432F61B422523009CB13F /* 美食圈圈 */ = {
			isa = PBXNativeTarget;
			buildConfigurationList = BC24331A1B422524009CB13F /* Build configuration list for PBXNativeTarget "美食圈圈" */;
			buildPhases = (
				BC2432F31B422523009CB13F /* Sources */,
				BC2432F41B422523009CB13F /* Frameworks */,
				BC2432F51B422523009CB13F /* Resources */,
			);
			buildRules = (
			);
			dependencies = (
			);
			name = "美食圈圈";
			productName = "美食圈圈";
			productReference = BC2432F71B422523009CB13F /* 美食圈圈.app */;
			productType = "com.apple.product-type.application";
		};
		BC24330F1B422524009CB13F /* 美食圈圈Tests */ = {
			isa = PBXNativeTarget;
			buildConfigurationList = BC24331D1B422524009CB13F /* Build configuration list for PBXNativeTarget "美食圈圈Tests" */;
			buildPhases = (
				BC24330C1B422524009CB13F /* Sources */,
				BC24330D1B422524009CB13F /* Frameworks */,
				BC24330E1B422524009CB13F /* Resources */,
			);
			buildRules = (
			);
			dependencies = (
				BC2433121B422524009CB13F /* PBXTargetDependency */,
			);
			name = "美食圈圈Tests";
			productName = "美食圈圈Tests";
			productReference = BC2433101B422524009CB13F /* 美食圈圈Tests.xctest */;
			productType = "com.apple.product-type.bundle.unit-test";
		};
/* End PBXNativeTarget section */

/* Begin PBXProject section */
		BC2432EF1B422523009CB13F /* Project object */ = {
			isa = PBXProject;
			attributes = {
				CLASSPREFIX = GP;
				LastUpgradeCheck = 0620;
				ORGANIZATIONNAME = qq;
				TargetAttributes = {
					BC2432F61B422523009CB13F = {
						CreatedOnToolsVersion = 6.2;
					};
					BC24330F1B422524009CB13F = {
						CreatedOnToolsVersion = 6.2;
						TestTargetID = BC2432F61B422523009CB13F;
					};
				};
			};
			buildConfigurationList = BC2432F21B422523009CB13F /* Build configuration list for PBXProject "美食圈圈" */;
			compatibilityVersion = "Xcode 3.2";
			developmentRegion = English;
			hasScannedForEncodings = 0;
			knownRegions = (
				en,
				Base,
			);
			mainGroup = BC2432EE1B422523009CB13F;
			productRefGroup = BC2432F81B422523009CB13F /* Products */;
			projectDirPath = "";
			projectRoot = "";
			targets = (
				BC2432F61B422523009CB13F /* 美食圈圈 */,
				BC24330F1B422524009CB13F /* 美食圈圈Tests */,
			);
		};
/* End PBXProject section */

/* Begin PBXResourcesBuildPhase section */
		BC2432F51B422523009CB13F /* Resources */ = {
			isa = PBXResourcesBuildPhase;
			buildActionMask = 2147483647;
			files = (
				BC2433061B422524009CB13F /* Main.storyboard in Resources */,
				BC2433381B426ECB009CB13F /* GPContentView.xib in Resources */,
				BC24330B1B422524009CB13F /* LaunchScreen.xib in Resources */,
				BC24332E1B423907009CB13F /* quanquan.plist in Resources */,
				BC2433081B422524009CB13F /* Images.xcassets in Resources */,
				BC2433331B423EF3009CB13F /* GPSubjectCell.xib in Resources */,
			);
			runOnlyForDeploymentPostprocessing = 0;
		};
		BC24330E1B422524009CB13F /* Resources */ = {
			isa = PBXResourcesBuildPhase;
			buildActionMask = 2147483647;
			files = (
			);
			runOnlyForDeploymentPostprocessing = 0;
		};
/* End PBXResourcesBuildPhase section */

/* Begin PBXSourcesBuildPhase section */
		BC2432F31B422523009CB13F /* Sources */ = {
			isa = PBXSourcesBuildPhase;
			buildActionMask = 2147483647;
			files = (
				BC2433001B422524009CB13F /* AppDelegate.m in Sources */,
				BC67A4801B437B190009D9A9 /* GPFooterRefresh.m in Sources */,
				BC2433361B426E8B009CB13F /* GPContentView.m in Sources */,
				BC24332C1B4232BB009CB13F /* GPCircleController.m in Sources */,
				BC2433291B423148009CB13F /* GPAds.m in Sources */,
				BC2433311B423EDB009CB13F /* GPSubjectCell.m in Sources */,
				BC2433261B422D7B009CB13F /* GPSubject.m in Sources */,
				BC67A4831B43CF010009D9A9 /* GPTopRefreshView.m in Sources */,
				BC2432FD1B422524009CB13F /* main.m in Sources */,
			);
			runOnlyForDeploymentPostprocessing = 0;
		};
		BC24330C1B422524009CB13F /* Sources */ = {
			isa = PBXSourcesBuildPhase;
			buildActionMask = 2147483647;
			files = (
				BC2433171B422524009CB13F /* ____Tests.m in Sources */,
			);
			runOnlyForDeploymentPostprocessing = 0;
		};
/* End PBXSourcesBuildPhase section */

/* Begin PBXTargetDependency section */
		BC2433121B422524009CB13F /* PBXTargetDependency */ = {
			isa = PBXTargetDependency;
			target = BC2432F61B422523009CB13F /* 美食圈圈 */;
			targetProxy = BC2433111B422524009CB13F /* PBXContainerItemProxy */;
		};
/* End PBXTargetDependency section */

/* Begin PBXVariantGroup section */
		BC2433041B422524009CB13F /* Main.storyboard */ = {
			isa = PBXVariantGroup;
			children = (
				BC2433051B422524009CB13F /* Base */,
			);
			name = Main.storyboard;
			sourceTree = "<group>";
		};
		BC2433091B422524009CB13F /* LaunchScreen.xib */ = {
			isa = PBXVariantGroup;
			children = (
				BC24330A1B422524009CB13F /* Base */,
			);
			name = LaunchScreen.xib;
			sourceTree = "<group>";
		};
/* End PBXVariantGroup section */

/* Begin XCBuildConfiguration section */
		BC2433181B422524009CB13F /* Debug */ = {
			isa = XCBuildConfiguration;
			buildSettings = {
				ALWAYS_SEARCH_USER_PATHS = NO;
				CLANG_CXX_LANGUAGE_STANDARD = "gnu++0x";
				CLANG_CXX_LIBRARY = "libc++";
				CLANG_ENABLE_MODULES = YES;
				CLANG_ENABLE_OBJC_ARC = YES;
				CLANG_WARN_BOOL_CONVERSION = YES;
				CLANG_WARN_CONSTANT_CONVERSION = YES;
				CLANG_WARN_DIRECT_OBJC_ISA_USAGE = YES_ERROR;
				CLANG_WARN_EMPTY_BODY = YES;
				CLANG_WARN_ENUM_CONVERSION = YES;
				CLANG_WARN_INT_CONVERSION = YES;
				CLANG_WARN_OBJC_ROOT_CLASS = YES_ERROR;
				CLANG_WARN_UNREACHABLE_CODE = YES;
				CLANG_WARN__DUPLICATE_METHOD_MATCH = YES;
				"CODE_SIGN_IDENTITY[sdk=iphoneos*]" = "iPhone Developer";
				COPY_PHASE_STRIP = NO;
				ENABLE_STRICT_OBJC_MSGSEND = YES;
				GCC_C_LANGUAGE_STANDARD = gnu99;
				GCC_DYNAMIC_NO_PIC = NO;
				GCC_OPTIMIZATION_LEVEL = 0;
				GCC_PREPROCESSOR_DEFINITIONS = (
					"DEBUG=1",
					"$(inherited)",
				);
				GCC_SYMBOLS_PRIVATE_EXTERN = NO;
				GCC_WARN_64_TO_32_BIT_CONVERSION = YES;
				GCC_WARN_ABOUT_RETURN_TYPE = YES_ERROR;
				GCC_WARN_UNDECLARED_SELECTOR = YES;
				GCC_WARN_UNINITIALIZED_AUTOS = YES_AGGRESSIVE;
				GCC_WARN_UNUSED_FUNCTION = YES;
				GCC_WARN_UNUSED_VARIABLE = YES;
				IPHONEOS_DEPLOYMENT_TARGET = 8.2;
				MTL_ENABLE_DEBUG_INFO = YES;
				ONLY_ACTIVE_ARCH = YES;
				SDKROOT = iphoneos;
				TARGETED_DEVICE_FAMILY = "1,2";
			};
			name = Debug;
		};
		BC2433191B422524009CB13F /* Release */ = {
			isa = XCBuildConfiguration;
			buildSettings = {
				ALWAYS_SEARCH_USER_PATHS = NO;
				CLANG_CXX_LANGUAGE_STANDARD = "gnu++0x";
				CLANG_CXX_LIBRARY = "libc++";
				CLANG_ENABLE_MODULES = YES;
				CLANG_ENABLE_OBJC_ARC = YES;
				CLANG_WARN_BOOL_CONVERSION = YES;
				CLANG_WARN_CONSTANT_CONVERSION = YES;
				CLANG_WARN_DIRECT_OBJC_ISA_USAGE = YES_ERROR;
				CLANG_WARN_EMPTY_BODY = YES;
				CLANG_WARN_ENUM_CONVERSION = YES;
				CLANG_WARN_INT_CONVERSION = YES;
				CLANG_WARN_OBJC_ROOT_CLASS = YES_ERROR;
				CLANG_WARN_UNREACHABLE_CODE = YES;
				CLANG_WARN__DUPLICATE_METHOD_MATCH = YES;
				"CODE_SIGN_IDENTITY[sdk=iphoneos*]" = "iPhone Developer";
				COPY_PHASE_STRIP = NO;
				ENABLE_NS_ASSERTIONS = NO;
				ENABLE_STRICT_OBJC_MSGSEND = YES;
				GCC_C_LANGUAGE_STANDARD = gnu99;
				GCC_WARN_64_TO_32_BIT_CONVERSION = YES;
				GCC_WARN_ABOUT_RETURN_TYPE = YES_ERROR;
				GCC_WARN_UNDECLARED_SELECTOR = YES;
				GCC_WARN_UNINITIALIZED_AUTOS = YES_AGGRESSIVE;
				GCC_WARN_UNUSED_FUNCTION = YES;
				GCC_WARN_UNUSED_VARIABLE = YES;
				IPHONEOS_DEPLOYMENT_TARGET = 8.2;
				MTL_ENABLE_DEBUG_INFO = NO;
				SDKROOT = iphoneos;
				TARGETED_DEVICE_FAMILY = "1,2";
				VALIDATE_PRODUCT = YES;
			};
			name = Release;
		};
		BC24331B1B422524009CB13F /* Debug */ = {
			isa = XCBuildConfiguration;
			buildSettings = {
				ASSETCATALOG_COMPILER_APPICON_NAME = AppIcon;
				INFOPLIST_FILE = "美食圈圈/Info.plist";
				LD_RUNPATH_SEARCH_PATHS = "$(inherited) @executable_path/Frameworks";
				PRODUCT_NAME = "$(TARGET_NAME)";
			};
			name = Debug;
		};
		BC24331C1B422524009CB13F /* Release */ = {
			isa = XCBuildConfiguration;
			buildSettings = {
				ASSETCATALOG_COMPILER_APPICON_NAME = AppIcon;
				INFOPLIST_FILE = "美食圈圈/Info.plist";
				LD_RUNPATH_SEARCH_PATHS = "$(inherited) @executable_path/Frameworks";
				PRODUCT_NAME = "$(TARGET_NAME)";
			};
			name = Release;
		};
		BC24331E1B422524009CB13F /* Debug */ = {
			isa = XCBuildConfiguration;
			buildSettings = {
				BUNDLE_LOADER = "$(TEST_HOST)";
				FRAMEWORK_SEARCH_PATHS = (
					"$(SDKROOT)/Developer/Library/Frameworks",
					"$(inherited)",
				);
				GCC_PREPROCESSOR_DEFINITIONS = (
					"DEBUG=1",
					"$(inherited)",
				);
				INFOPLIST_FILE = "美食圈圈Tests/Info.plist";
				LD_RUNPATH_SEARCH_PATHS = "$(inherited) @executable_path/Frameworks @loader_path/Frameworks";
				PRODUCT_NAME = "$(TARGET_NAME)";
				TEST_HOST = "$(BUILT_PRODUCTS_DIR)/美食圈圈.app/美食圈圈";
			};
			name = Debug;
		};
		BC24331F1B422524009CB13F /* Release */ = {
			isa = XCBuildConfiguration;
			buildSettings = {
				BUNDLE_LOADER = "$(TEST_HOST)";
				FRAMEWORK_SEARCH_PATHS = (
					"$(SDKROOT)/Developer/Library/Frameworks",
					"$(inherited)",
				);
				INFOPLIST_FILE = "美食圈圈Tests/Info.plist";
				LD_RUNPATH_SEARCH_PATHS = "$(inherited) @executable_path/Frameworks @loader_path/Frameworks";
				PRODUCT_NAME = "$(TARGET_NAME)";
				TEST_HOST = "$(BUILT_PRODUCTS_DIR)/美食圈圈.app/美食圈圈";
			};
			name = Release;
		};
/* End XCBuildConfiguration section */

/* Begin XCConfigurationList section */
		BC2432F21B422523009CB13F /* Build configuration list for PBXProject "美食圈圈" */ = {
			isa = XCConfigurationList;
			buildConfigurations = (
				BC2433181B422524009CB13F /* Debug */,
				BC2433191B422524009CB13F /* Release */,
			);
			defaultConfigurationIsVisible = 0;
			defaultConfigurationName = Release;
		};
		BC24331A1B422524009CB13F /* Build configuration list for PBXNativeTarget "美食圈圈" */ = {
			isa = XCConfigurationList;
			buildConfigurations = (
				BC24331B1B422524009CB13F /* Debug */,
				BC24331C1B422524009CB13F /* Release */,
			);
			defaultConfigurationIsVisible = 0;
			defaultConfigurationName = Release;
		};
		BC24331D1B422524009CB13F /* Build configuration list for PBXNativeTarget "美食圈圈Tests" */ = {
			isa = XCConfigurationList;
			buildConfigurations = (
				BC24331E1B422524009CB13F /* Debug */,
				BC24331F1B422524009CB13F /* Release */,
			);
			defaultConfigurationIsVisible = 0;
			defaultConfigurationName = Release;
		};
/* End XCConfigurationList section */
	};
	rootObject = BC2432EF1B422523009CB13F /* Project object */;
}
